
Microsoft Visual Studio Solution File, Format Version 12.00
# Visual Studio Version 16
VisualStudioVersion = 16.0.30204.135
MinimumVisualStudioVersion = 10.0.40219.1
Project("{9A19103F-16F7-4668-BE54-9A1E7A4F7556}") = "API", "API.csproj", "{4F3F5724-8BBA-4617-B510-C6C69D1F39C4}"
EndProject
Global
	GlobalSection(SolutionConfigurationPlatforms) = preSolution
		Debug|Any CPU = Debug|Any CPU
		Release|Any CPU = Release|Any CPU
	EndGlobalSection
	GlobalSection(ProjectConfigurationPlatforms) = postSolution
		{4F3F5724-8BBA-4617-B510-C6C69D1F39C4}.Debug|Any CPU.ActiveCfg = Debug|Any CPU
		{4F3F5724-8BBA-4617-B510-C6C69D1F39C4}.Debug|Any CPU.Build.0 = Debug|Any CPU
		{4F3F5724-8BBA-4617-B510-C6C69D1F39C4}.Release|Any CPU.ActiveCfg = Release|Any CPU
		{4F3F5724-8BBA-4617-B510-C6C69D1F39C4}.Release|Any CPU.Build.0 = Release|Any CPU
	EndGlobalSection
	GlobalSection(SolutionProperties) = preSolution
		HideSolutionNode = FALSE
	EndGlobalSection
	GlobalSection(ExtensibilityGlobals) = postSolution
		SolutionGuid = {5E6F4BDE-5714-440D-A2D5-95A0C025CF0F}
	EndGlobalSection
EndGlobal
